
Microsoft Visual Studio Solution File, Format Version 12.00
# Visual Studio Version 17
VisualStudioVersion = 17.0.31903.59
MinimumVisualStudioVersion = 10.0.40219.1
Project("{2150E333-8FDC-42A3-9474-1A3956D46DE8}") = "src", "src", "{827E0CD3-B72D-47B6-A68D-7590B98EB39B}"
EndProject
Project("{2150E333-8FDC-42A3-9474-1A3956D46DE8}") = "1.Presentation", "1.Presentation", "{045469A1-35F9-0776-601E-C1676A142328}"
EndProject
Project("{FAE04EC0-301F-11D3-BF4B-00C04F79EFBC}") = "AIChat.Api", "src\1.Presentation\AIChat.Api\AIChat.Api.csproj", "{8484043C-5F0C-49A2-B0C2-D605DE8783A9}"
EndProject
Project("{FAE04EC0-301F-11D3-BF4B-00C04F79EFBC}") = "AIChat.Application", "src\2.Application\AIChat.Application\AIChat.Application.csproj", "{FEC24E75-6604-471B-B3C8-5DB524ABC95C}"
EndProject
Project("{FAE04EC0-301F-11D3-BF4B-00C04F79EFBC}") = "AIChat.Domain", "src\3.Domain\AIChat.Domain\AIChat.Domain.csproj", "{B688413C-DD0E-4334-B781-55A55E6DAE65}"
EndProject
Project("{FAE04EC0-301F-11D3-BF4B-00C04F79EFBC}") = "AIChat.Infrastructure", "src\4.Infrastructure\AIChat.Infrastructure\AIChat.Infrastructure.csproj", "{C88D1204-218C-468E-BF18-A72B4C9D32C3}"
EndProject
Project("{FAE04EC0-301F-11D3-BF4B-00C04F79EFBC}") = "AIChat.Shared", "src\5.Shared\AIChat.Shared\AIChat.Shared.csproj", "{CE2BC04F-5B90-4866-A430-182E89AF9FB2}"
EndProject
Global
	GlobalSection(SolutionConfigurationPlatforms) = preSolution
		Debug|Any CPU = Debug|Any CPU
		Debug|x64 = Debug|x64
		Debug|x86 = Debug|x86
		Release|Any CPU = Release|Any CPU
		Release|x64 = Release|x64
		Release|x86 = Release|x86
	EndGlobalSection
	GlobalSection(ProjectConfigurationPlatforms) = postSolution
		{8484043C-5F0C-49A2-B0C2-D605DE8783A9}.Debug|Any CPU.ActiveCfg = Debug|Any CPU
		{8484043C-5F0C-49A2-B0C2-D605DE8783A9}.Debug|Any CPU.Build.0 = Debug|Any CPU
		{8484043C-5F0C-49A2-B0C2-D605DE8783A9}.Debug|x64.ActiveCfg = Debug|Any CPU
		{8484043C-5F0C-49A2-B0C2-D605DE8783A9}.Debug|x64.Build.0 = Debug|Any CPU
		{8484043C-5F0C-49A2-B0C2-D605DE8783A9}.Debug|x86.ActiveCfg = Debug|Any CPU
		{8484043C-5F0C-49A2-B0C2-D605DE8783A9}.Debug|x86.Build.0 = Debug|Any CPU
		{8484043C-5F0C-49A2-B0C2-D605DE8783A9}.Release|Any CPU.ActiveCfg = Release|Any CPU
		{8484043C-5F0C-49A2-B0C2-D605DE8783A9}.Release|Any CPU.Build.0 = Release|Any CPU
		{8484043C-5F0C-49A2-B0C2-D605DE8783A9}.Release|x64.ActiveCfg = Release|Any CPU
		{8484043C-5F0C-49A2-B0C2-D605DE8783A9}.Release|x64.Build.0 = Release|Any CPU
		{8484043C-5F0C-49A2-B0C2-D605DE8783A9}.Release|x86.ActiveCfg = Release|Any CPU
		{8484043C-5F0C-49A2-B0C2-D605DE8783A9}.Release|x86.Build.0 = Release|Any CPU
		{FEC24E75-6604-471B-B3C8-5DB524ABC95C}.Debug|Any CPU.ActiveCfg = Debug|Any CPU
		{FEC24E75-6604-471B-B3C8-5DB524ABC95C}.Debug|Any CPU.Build.0 = Debug|Any CPU
		{FEC24E75-6604-471B-B3C8-5DB524ABC95C}.Debug|x64.ActiveCfg = Debug|Any CPU
		{FEC24E75-6604-471B-B3C8-5DB524ABC95C}.Debug|x64.Build.0 = Debug|Any CPU
		{FEC24E75-6604-471B-B3C8-5DB524ABC95C}.Debug|x86.ActiveCfg = Debug|Any CPU
		{FEC24E75-6604-471B-B3C8-5DB524ABC95C}.Debug|x86.Build.0 = Debug|Any CPU
		{FEC24E75-6604-471B-B3C8-5DB524ABC95C}.Release|Any CPU.ActiveCfg = Release|Any CPU
		{FEC24E75-6604-471B-B3C8-5DB524ABC95C}.Release|Any CPU.Build.0 = Release|Any CPU
		{FEC24E75-6604-471B-B3C8-5DB524ABC95C}.Release|x64.ActiveCfg = Release|Any CPU
		{FEC24E75-6604-471B-B3C8-5DB524ABC95C}.Release|x64.Build.0 = Release|Any CPU
		{FEC24E75-6604-471B-B3C8-5DB524ABC95C}.Release|x86.ActiveCfg = Release|Any CPU
		{FEC24E75-6604-471B-B3C8-5DB524ABC95C}.Release|x86.Build.0 = Release|Any CPU
		{B688413C-DD0E-4334-B781-55A55E6DAE65}.Debug|Any CPU.ActiveCfg = Debug|Any CPU
		{B688413C-DD0E-4334-B781-55A55E6DAE65}.Debug|Any CPU.Build.0 = Debug|Any CPU
		{B688413C-DD0E-4334-B781-55A55E6DAE65}.Debug|x64.ActiveCfg = Debug|Any CPU
		{B688413C-DD0E-4334-B781-55A55E6DAE65}.Debug|x64.Build.0 = Debug|Any CPU
		{B688413C-DD0E-4334-B781-55A55E6DAE65}.Debug|x86.ActiveCfg = Debug|Any CPU
		{B688413C-DD0E-4334-B781-55A55E6DAE65}.Debug|x86.Build.0 = Debug|Any CPU
		{B688413C-DD0E-4334-B781-55A55E6DAE65}.Release|Any CPU.ActiveCfg = Release|Any CPU
		{B688413C-DD0E-4334-B781-55A55E6DAE65}.Release|Any CPU.Build.0 = Release|Any CPU
		{B688413C-DD0E-4334-B781-55A55E6DAE65}.Release|x64.ActiveCfg = Release|Any CPU
		{B688413C-DD0E-4334-B781-55A55E6DAE65}.Release|x64.Build.0 = Release|Any CPU
		{B688413C-DD0E-4334-B781-55A55E6DAE65}.Release|x86.ActiveCfg = Release|Any CPU
		{B688413C-DD0E-4334-B781-55A55E6DAE65}.Release|x86.Build.0 = Release|Any CPU
		{C88D1204-218C-468E-BF18-A72B4C9D32C3}.Debug|Any CPU.ActiveCfg = Debug|Any CPU
		{C88D1204-218C-468E-BF18-A72B4C9D32C3}.Debug|Any CPU.Build.0 = Debug|Any CPU
		{C88D1204-218C-468E-BF18-A72B4C9D32C3}.Debug|x64.ActiveCfg = Debug|Any CPU
		{C88D1204-218C-468E-BF18-A72B4C9D32C3}.Debug|x64.Build.0 = Debug|Any CPU
		{C88D1204-218C-468E-BF18-A72B4C9D32C3}.Debug|x86.ActiveCfg = Debug|Any CPU
		{C88D1204-218C-468E-BF18-A72B4C9D32C3}.Debug|x86.Build.0 = Debug|Any CPU
		{C88D1204-218C-468E-BF18-A72B4C9D32C3}.Release|Any CPU.ActiveCfg = Release|Any CPU
		{C88D1204-218C-468E-BF18-A72B4C9D32C3}.Release|Any CPU.Build.0 = Release|Any CPU
		{C88D1204-218C-468E-BF18-A72B4C9D32C3}.Release|x64.ActiveCfg = Release|Any CPU
		{C88D1204-218C-468E-BF18-A72B4C9D32C3}.Release|x64.Build.0 = Release|Any CPU
		{C88D1204-218C-468E-BF18-A72B4C9D32C3}.Release|x86.ActiveCfg = Release|Any CPU
		{C88D1204-218C-468E-BF18-A72B4C9D32C3}.Release|x86.Build.0 = Release|Any CPU
		{CE2BC04F-5B90-4866-A430-182E89AF9FB2}.Debug|Any CPU.ActiveCfg = Debug|Any CPU
		{CE2BC04F-5B90-4866-A430-182E89AF9FB2}.Debug|Any CPU.Build.0 = Debug|Any CPU
		{CE2BC04F-5B90-4866-A430-182E89AF9FB2}.Debug|x64.ActiveCfg = Debug|Any CPU
		{CE2BC04F-5B90-4866-A430-182E89AF9FB2}.Debug|x64.Build.0 = Debug|Any CPU
		{CE2BC04F-5B90-4866-A430-182E89AF9FB2}.Debug|x86.ActiveCfg = Debug|Any CPU
		{CE2BC04F-5B90-4866-A430-182E89AF9FB2}.Debug|x86.Build.0 = Debug|Any CPU
		{CE2BC04F-5B90-4866-A430-182E89AF9FB2}.Release|Any CPU.ActiveCfg = Release|Any CPU
		{CE2BC04F-5B90-4866-A430-182E89AF9FB2}.Release|Any CPU.Build.0 = Release|Any CPU
		{CE2BC04F-5B90-4866-A430-182E89AF9FB2}.Release|x64.ActiveCfg = Release|Any CPU
		{CE2BC04F-5B90-4866-A430-182E89AF9FB2}.Release|x64.Build.0 = Release|Any CPU
		{CE2BC04F-5B90-4866-A430-182E89AF9FB2}.Release|x86.ActiveCfg = Release|Any CPU
		{CE2BC04F-5B90-4866-A430-182E89AF9FB2}.Release|x86.Build.0 = Release|Any CPU
	EndGlobalSection
	GlobalSection(SolutionProperties) = preSolution
		HideSolutionNode = FALSE
	EndGlobalSection
	GlobalSection(NestedProjects) = preSolution
		{045469A1-35F9-0776-601E-C1676A142328} = {827E0CD3-B72D-47B6-A68D-7590B98EB39B}
		{8484043C-5F0C-49A2-B0C2-D605DE8783A9} = {045469A1-35F9-0776-601E-C1676A142328}
		{FEC24E75-6604-471B-B3C8-5DB524ABC95C} = {045469A1-35F9-0776-601E-C1676A142328}
		{B688413C-DD0E-4334-B781-55A55E6DAE65} = {045469A1-35F9-0776-601E-C1676A142328}
		{C88D1204-218C-468E-BF18-A72B4C9D32C3} = {045469A1-35F9-0776-601E-C1676A142328}
		{CE2BC04F-5B90-4866-A430-182E89AF9FB2} = {045469A1-35F9-0776-601E-C1676A142328}
	EndGlobalSection
EndGlobal
